
Microsoft Visual Studio Solution File, Format Version 12.00
Project("{FAE04EC0-301F-11D3-BF4B-00C04F79EFBC}") = "CCM.WebApi", "CCM.WebApi\CCM.WebApi.csproj", "{8F8097BE-4F7C-41CA-936B-E7E4D66F383F}"
EndProject
Project("{2150E333-8FDC-42A3-9474-1A3956D46DE8}") = "Presentation", "Presentation", "{7238A189-0E66-4707-9FE2-5323859C68B9}"
EndProject
Project("{2150E333-8FDC-42A3-9474-1A3956D46DE8}") = "Domain", "Domain", "{F303D89F-EFCF-46F1-8D1B-B703825DB926}"
EndProject
Project("{2150E333-8FDC-42A3-9474-1A3956D46DE8}") = "Core", "Core", "{CB6AC73C-0B37-4580-9DF8-FF08C58BCC0A}"
EndProject
Project("{FAE04EC0-301F-11D3-BF4B-00C04F79EFBC}") = "CCM.Domain", "CCM.Domain\CCM.Domain.csproj", "{46238609-A2F8-4229-BB41-4E5D4412CFC1}"
EndProject
Project("{FAE04EC0-301F-11D3-BF4B-00C04F79EFBC}") = "CCM.Application", "CCM.Application\CCM.Application.csproj", "{D3426A6F-9690-4467-92C9-5C437F102777}"
EndProject
Project("{FAE04EC0-301F-11D3-BF4B-00C04F79EFBC}") = "CCM.Common", "CCM.Common\CCM.Common.csproj", "{C2BE62D7-919B-4C08-906C-243404E41FEB}"
EndProject
Project("{FAE04EC0-301F-11D3-BF4B-00C04F79EFBC}") = "CCM.Infrastructure", "CCM.Infrastructure\CCM.Infrastructure.csproj", "{A2296035-846B-41F1-973A-088592B04B03}"
EndProject
Global
	GlobalSection(SolutionConfigurationPlatforms) = preSolution
		Debug|Any CPU = Debug|Any CPU
		Release|Any CPU = Release|Any CPU
	EndGlobalSection
	GlobalSection(ProjectConfigurationPlatforms) = postSolution
		{8F8097BE-4F7C-41CA-936B-E7E4D66F383F}.Debug|Any CPU.ActiveCfg = Debug|Any CPU
		{8F8097BE-4F7C-41CA-936B-E7E4D66F383F}.Debug|Any CPU.Build.0 = Debug|Any CPU
		{8F8097BE-4F7C-41CA-936B-E7E4D66F383F}.Release|Any CPU.ActiveCfg = Release|Any CPU
		{8F8097BE-4F7C-41CA-936B-E7E4D66F383F}.Release|Any CPU.Build.0 = Release|Any CPU
		{46238609-A2F8-4229-BB41-4E5D4412CFC1}.Debug|Any CPU.ActiveCfg = Debug|Any CPU
		{46238609-A2F8-4229-BB41-4E5D4412CFC1}.Debug|Any CPU.Build.0 = Debug|Any CPU
		{46238609-A2F8-4229-BB41-4E5D4412CFC1}.Release|Any CPU.ActiveCfg = Release|Any CPU
		{46238609-A2F8-4229-BB41-4E5D4412CFC1}.Release|Any CPU.Build.0 = Release|Any CPU
		{D3426A6F-9690-4467-92C9-5C437F102777}.Debug|Any CPU.ActiveCfg = Debug|Any CPU
		{D3426A6F-9690-4467-92C9-5C437F102777}.Debug|Any CPU.Build.0 = Debug|Any CPU
		{D3426A6F-9690-4467-92C9-5C437F102777}.Release|Any CPU.ActiveCfg = Release|Any CPU
		{D3426A6F-9690-4467-92C9-5C437F102777}.Release|Any CPU.Build.0 = Release|Any CPU
		{C2BE62D7-919B-4C08-906C-243404E41FEB}.Debug|Any CPU.ActiveCfg = Debug|Any CPU
		{C2BE62D7-919B-4C08-906C-243404E41FEB}.Debug|Any CPU.Build.0 = Debug|Any CPU
		{C2BE62D7-919B-4C08-906C-243404E41FEB}.Release|Any CPU.ActiveCfg = Release|Any CPU
		{C2BE62D7-919B-4C08-906C-243404E41FEB}.Release|Any CPU.Build.0 = Release|Any CPU
		{A2296035-846B-41F1-973A-088592B04B03}.Debug|Any CPU.ActiveCfg = Debug|Any CPU
		{A2296035-846B-41F1-973A-088592B04B03}.Debug|Any CPU.Build.0 = Debug|Any CPU
		{A2296035-846B-41F1-973A-088592B04B03}.Release|Any CPU.ActiveCfg = Release|Any CPU
		{A2296035-846B-41F1-973A-088592B04B03}.Release|Any CPU.Build.0 = Release|Any CPU
	EndGlobalSection
	GlobalSection(NestedProjects) = preSolution
		{8F8097BE-4F7C-41CA-936B-E7E4D66F383F} = {7238A189-0E66-4707-9FE2-5323859C68B9}
		{46238609-A2F8-4229-BB41-4E5D4412CFC1} = {F303D89F-EFCF-46F1-8D1B-B703825DB926}
		{D3426A6F-9690-4467-92C9-5C437F102777} = {CB6AC73C-0B37-4580-9DF8-FF08C58BCC0A}
		{C2BE62D7-919B-4C08-906C-243404E41FEB} = {CB6AC73C-0B37-4580-9DF8-FF08C58BCC0A}
		{A2296035-846B-41F1-973A-088592B04B03} = {CB6AC73C-0B37-4580-9DF8-FF08C58BCC0A}
	EndGlobalSection
EndGlobal
